
Microsoft Visual Studio Solution File, Format Version 12.00
# Visual Studio Version 17
VisualStudioVersion = 17.8.34330.188
MinimumVisualStudioVersion = 10.0.40219.1
Project("{FAE04EC0-301F-11D3-BF4B-00C04F79EFBC}") = "DAL", "DAL\DAL.csproj", "{7FDF3C84-BF18-423C-A667-222499660FF1}"
EndProject
Project("{FAE04EC0-301F-11D3-BF4B-00C04F79EFBC}") = "Entity", "Entity\Entity.csproj", "{0AD0A63A-5B00-4DD7-A6DC-CBC41E56CAF4}"
EndProject
Project("{FAE04EC0-301F-11D3-BF4B-00C04F79EFBC}") = "UI", "UI\UI.csproj", "{8FE4348D-D823-4EC2-8231-340897C3BD18}"
EndProject
Global
	GlobalSection(SolutionConfigurationPlatforms) = preSolution
		Debug|Any CPU = Debug|Any CPU
		Release|Any CPU = Release|Any CPU
	EndGlobalSection
	GlobalSection(ProjectConfigurationPlatforms) = postSolution
		{7FDF3C84-BF18-423C-A667-222499660FF1}.Debug|Any CPU.ActiveCfg = Debug|Any CPU
		{7FDF3C84-BF18-423C-A667-222499660FF1}.Debug|Any CPU.Build.0 = Debug|Any CPU
		{7FDF3C84-BF18-423C-A667-222499660FF1}.Release|Any CPU.ActiveCfg = Release|Any CPU
		{7FDF3C84-BF18-423C-A667-222499660FF1}.Release|Any CPU.Build.0 = Release|Any CPU
		{0AD0A63A-5B00-4DD7-A6DC-CBC41E56CAF4}.Debug|Any CPU.ActiveCfg = Debug|Any CPU
		{0AD0A63A-5B00-4DD7-A6DC-CBC41E56CAF4}.Debug|Any CPU.Build.0 = Debug|Any CPU
		{0AD0A63A-5B00-4DD7-A6DC-CBC41E56CAF4}.Release|Any CPU.ActiveCfg = Release|Any CPU
		{0AD0A63A-5B00-4DD7-A6DC-CBC41E56CAF4}.Release|Any CPU.Build.0 = Release|Any CPU
		{8FE4348D-D823-4EC2-8231-340897C3BD18}.Debug|Any CPU.ActiveCfg = Debug|Any CPU
		{8FE4348D-D823-4EC2-8231-340897C3BD18}.Debug|Any CPU.Build.0 = Debug|Any CPU
		{8FE4348D-D823-4EC2-8231-340897C3BD18}.Release|Any CPU.ActiveCfg = Release|Any CPU
		{8FE4348D-D823-4EC2-8231-340897C3BD18}.Release|Any CPU.Build.0 = Release|Any CPU
	EndGlobalSection
	GlobalSection(SolutionProperties) = preSolution
		HideSolutionNode = FALSE
	EndGlobalSection
	GlobalSection(ExtensibilityGlobals) = postSolution
		SolutionGuid = {21A84288-1D7B-49A0-869F-D628AE43AF4C}
	EndGlobalSection
EndGlobal
